
Microsoft Visual Studio Solution File, Format Version 12.00
# Visual Studio Version 17
VisualStudioVersion = 17.8.34511.84
MinimumVisualStudioVersion = 10.0.40219.1
Project("{FAE04EC0-301F-11D3-BF4B-00C04F79EFBC}") = "Sistema de peliculas", "Sistema de peliculas\Sistema de peliculas.csproj", "{6BB4EC73-3312-4F43-A65E-48E2542BC0BB}"
EndProject
Global
	GlobalSection(SolutionConfigurationPlatforms) = preSolution
		Debug|Any CPU = Debug|Any CPU
		Release|Any CPU = Release|Any CPU
	EndGlobalSection
	GlobalSection(ProjectConfigurationPlatforms) = postSolution
		{6BB4EC73-3312-4F43-A65E-48E2542BC0BB}.Debug|Any CPU.ActiveCfg = Debug|Any CPU
		{6BB4EC73-3312-4F43-A65E-48E2542BC0BB}.Debug|Any CPU.Build.0 = Debug|Any CPU
		{6BB4EC73-3312-4F43-A65E-48E2542BC0BB}.Release|Any CPU.ActiveCfg = Release|Any CPU
		{6BB4EC73-3312-4F43-A65E-48E2542BC0BB}.Release|Any CPU.Build.0 = Release|Any CPU
	EndGlobalSection
	GlobalSection(SolutionProperties) = preSolution
		HideSolutionNode = FALSE
	EndGlobalSection
	GlobalSection(ExtensibilityGlobals) = postSolution
		SolutionGuid = {F27EB08F-1F15-4245-9323-5F14809F09BD}
	EndGlobalSection
EndGlobal
